%{
  "jason": {:hex, :jason, "1.4.5", "2e3a008590b0b8d7388c20293e9dcc9cf3e5d642fd2a114e4cbbb52e595d940a", [:mix], [{:decimal, "~> 1.0 or ~> 2.0 or ~> 3.0", [hex: :decimal, repo: "hexpm", optional: true]}], "hexpm", "b0c823996102bcd0239b3c2444eb00409b72f6a140c1950bc8b457d836b30684"},
  "oi": {:hex, :oi, "0.8.0", "0a0e19a6c31752d49fa9283d0cff2bd8b1a4c2214dfc8b2a19e590a62130eaee", [:mix], [{:orchid, "~> 0.6", [hex: :orchid, repo: "hexpm", optional: false]}, {:orchid_intervention, "~> 0.2", [hex: :orchid_intervention, repo: "hexpm", optional: true]}, {:orchid_stratum, "~> 0.2", [hex: :orchid_stratum, repo: "hexpm", optional: true]}, {:orchid_symbiont, "~> 0.2", [hex: :orchid_symbiont, repo: "hexpm", optional: true]}, {:telemetry, ">= 0.0.0", [hex: :telemetry, repo: "hexpm", optional: false]}], "hexpm", "d43d27b8e40af6c7a5f4ab77d14b8abc4f16c2c6a92622109956df238a87b539"},
  "orchid": {:hex, :orchid, "0.6.2", "8fa2a804a0e3bf756894f749e2af3dfadbd32886f077e3bfd319a44f87ac06bf", [:mix], [{:telemetry, "~> 1.3", [hex: :telemetry, repo: "hexpm", optional: false]}], "hexpm", "210cafaed7a49428859dff611e65bbb49f289bedcbba2075505a49beaab131ca"},
  "orchid_intervention": {:hex, :orchid_intervention, "0.2.1", "d90f660d3472e56951bd3a009ba771d8942febc17d6c2610a1274c711dabcdc5", [:mix], [{:orchid, "~> 0.6", [hex: :orchid, repo: "hexpm", optional: false]}], "hexpm", "89c1f6cf41ea31f44275aa091ba0fc44e304e87f1aadab745073bf676751d3a3"},
  "orchid_stratum": {:hex, :orchid_stratum, "0.2.1", "4996d4ea7dcc8f8304cce338faa68cb966e388bdcd2ac82d774895b5bcea76be", [:mix], [{:orchid, "~> 0.6", [hex: :orchid, repo: "hexpm", optional: false]}], "hexpm", "3ca21d13a89665474fb5be3546273ba1aa81b9662bae7ce0744d19c550c33a5b"},
  "orchid_symbiont": {:hex, :orchid_symbiont, "0.2.7", "552b14572f459e345dedda0479fdc0d3d8da5a0bf1bdc859059c3c79f9e110cc", [:mix], [{:orchid, "~> 0.6", [hex: :orchid, repo: "hexpm", optional: false]}], "hexpm", "fe9773e97ea81ac817742c0a6ef91477ff69aa7269450eb35299959ed4e85826"},
  "tamale": {:hex, :tamale, "0.1.0", "017a7de9e414f0e5312d57fc701ce09d35ccd82491e00125e1e4c635bee99819", [:mix], [], "hexpm", "6f27f4bdb97c6a729ab7deaa52ebf8e7d09343c5cd39adc513b15603c577e656"},
  "telemetry": {:hex, :telemetry, "1.4.2", "a0cb522801dffb1c49fe6e30561badffc7b6d0e180db1300df759faa22062855", [:rebar3], [], "hexpm", "928f6495066506077862c0d1646609eed891a4326bee3126ba54b60af61febb1"},
}
