%{
  "jason": {:hex, :jason, "1.4.4", "b9226785a9aa77b6857ca22832cffa5d5011a667207eb2a0ad56adb5db443b8a", [:mix], [{:decimal, "~> 1.0 or ~> 2.0", [hex: :decimal, repo: "hexpm", optional: true]}], "hexpm", "c5eb0cab91f094599f94d55bc63409236a8ec69a21a67814529e8d5f6cc90b3b"},
  "oi": {:hex, :oi, "0.7.0", "0e4abeeb2d74512ef5d2c57f4eb1c304d763131c1a594bc2aa1db13b843fd85c", [:mix], [{:orchid, "~> 0.6", [hex: :orchid, repo: "hexpm", optional: false]}, {:orchid_intervention, "~> 0.2", [hex: :orchid_intervention, repo: "hexpm", optional: true]}, {:orchid_stratum, "~> 0.2", [hex: :orchid_stratum, repo: "hexpm", optional: true]}, {:orchid_symbiont, "~> 0.2", [hex: :orchid_symbiont, repo: "hexpm", optional: true]}, {:telemetry, ">= 0.0.0", [hex: :telemetry, repo: "hexpm", optional: false]}], "hexpm", "81728bd228a69236a8c3b4932fdebd6add2f892a1af00846c51270d9cd637616"},
  "orchid": {:hex, :orchid, "0.6.2", "8fa2a804a0e3bf756894f749e2af3dfadbd32886f077e3bfd319a44f87ac06bf", [:mix], [{:telemetry, "~> 1.3", [hex: :telemetry, repo: "hexpm", optional: false]}], "hexpm", "210cafaed7a49428859dff611e65bbb49f289bedcbba2075505a49beaab131ca"},
  "orchid_intervention": {:hex, :orchid_intervention, "0.2.0", "47fd3f98abb8b376f22cfa9d9497aabec2db723aad3e9be92c0c4abbd776d3c5", [:mix], [{:orchid, "~> 0.6", [hex: :orchid, repo: "hexpm", optional: false]}], "hexpm", "46fa0f794642ec16e54d1f86cc3457245f55cffaba2eecba969ffd36fee0a2a1"},
  "orchid_stratum": {:hex, :orchid_stratum, "0.2.0", "7b0ac69ff4ed1512d272f1bbb76f77c311393dce6eb32b0c3415cbac35e59e51", [:mix], [{:orchid, "~> 0.6", [hex: :orchid, repo: "hexpm", optional: false]}], "hexpm", "8765a118bae89338a571ef8152c9c5cee1a3a3c9b200602e6ead361a61d08d34"},
  "orchid_symbiont": {:hex, :orchid_symbiont, "0.2.5", "96eef0b2883871afc20760eae4d279d0aba699d804a6e67fd8b55b326ab18cba", [:mix], [{:orchid, "~> 0.6", [hex: :orchid, repo: "hexpm", optional: false]}], "hexpm", "81af78418cc299086e12c1850b53810120224e081ef90b7868b2737490c9ac47"},
  "telemetry": {:hex, :telemetry, "1.4.2", "a0cb522801dffb1c49fe6e30561badffc7b6d0e180db1300df759faa22062855", [:rebar3], [], "hexpm", "928f6495066506077862c0d1646609eed891a4326bee3126ba54b60af61febb1"},
}
